
Microsoft Visual Studio Solution File, Format Version 12.00
# Visual Studio 15
VisualStudioVersion = 15.0.27703.2035
MinimumVisualStudioVersion = 10.0.40219.1
Project("{FAE04EC0-301F-11D3-BF4B-00C04F79EFBC}") = "NewNodeChecker", "NewNodeChecker\NewNodeChecker.csproj", "{B74382B6-D06C-43E0-8D1B-D47130DA2B50}"
EndProject
Project("{2150E333-8FDC-42A3-9474-1A3956D46DE8}") = "scripts", "scripts", "{BDB5A21C-5CE7-478B-90BD-1F9001C9947C}"
	ProjectSection(SolutionItems) = preProject
		Scripts\installed apps.sql = Scripts\installed apps.sql
		Scripts\Missing Web site.sql = Scripts\Missing Web site.sql
		Scripts\Web site Files.sql = Scripts\Web site Files.sql
	EndProjectSection
EndProject
Project("{2150E333-8FDC-42A3-9474-1A3956D46DE8}") = "Solution Items", "Solution Items", "{F4DA6D23-4A34-4003-8340-CEAB0701AC6C}"
	ProjectSection(SolutionItems) = preProject
		LICENSE = LICENSE
		README.md = README.md
	EndProjectSection
EndProject
Global
	GlobalSection(SolutionConfigurationPlatforms) = preSolution
		Debug|Any CPU = Debug|Any CPU
		Release|Any CPU = Release|Any CPU
	EndGlobalSection
	GlobalSection(ProjectConfigurationPlatforms) = postSolution
		{B74382B6-D06C-43E0-8D1B-D47130DA2B50}.Debug|Any CPU.ActiveCfg = Debug|Any CPU
		{B74382B6-D06C-43E0-8D1B-D47130DA2B50}.Debug|Any CPU.Build.0 = Debug|Any CPU
		{B74382B6-D06C-43E0-8D1B-D47130DA2B50}.Release|Any CPU.ActiveCfg = Release|Any CPU
		{B74382B6-D06C-43E0-8D1B-D47130DA2B50}.Release|Any CPU.Build.0 = Release|Any CPU
	EndGlobalSection
	GlobalSection(SolutionProperties) = preSolution
		HideSolutionNode = FALSE
	EndGlobalSection
	GlobalSection(ExtensibilityGlobals) = postSolution
		SolutionGuid = {68CB3E06-5001-4C5A-B665-DFBF65784BAD}
	EndGlobalSection
EndGlobal
